
Microsoft Visual Studio Solution File, Format Version 12.00
# Visual Studio Version 16
VisualStudioVersion = 16.0.31424.327
MinimumVisualStudioVersion = 10.0.40219.1
Project("{FAE04EC0-301F-11D3-BF4B-00C04F79EFBC}") = "Formulario", "Formulario\Formulario.csproj", "{FCEAD239-2CF1-4DBD-8DDB-D2A45DDF9D9D}"
EndProject
Global
	GlobalSection(SolutionConfigurationPlatforms) = preSolution
		Debug|Any CPU = Debug|Any CPU
		Release|Any CPU = Release|Any CPU
	EndGlobalSection
	GlobalSection(ProjectConfigurationPlatforms) = postSolution
		{FCEAD239-2CF1-4DBD-8DDB-D2A45DDF9D9D}.Debug|Any CPU.ActiveCfg = Debug|Any CPU
		{FCEAD239-2CF1-4DBD-8DDB-D2A45DDF9D9D}.Debug|Any CPU.Build.0 = Debug|Any CPU
		{FCEAD239-2CF1-4DBD-8DDB-D2A45DDF9D9D}.Release|Any CPU.ActiveCfg = Release|Any CPU
		{FCEAD239-2CF1-4DBD-8DDB-D2A45DDF9D9D}.Release|Any CPU.Build.0 = Release|Any CPU
	EndGlobalSection
	GlobalSection(SolutionProperties) = preSolution
		HideSolutionNode = FALSE
	EndGlobalSection
	GlobalSection(ExtensibilityGlobals) = postSolution
		SolutionGuid = {4FDB4BD8-16FE-4891-8A31-00C8F10BC566}
	EndGlobalSection
EndGlobal
